
Microsoft Visual Studio Solution File, Format Version 12.00
# Visual Studio Version 17
VisualStudioVersion = 17.10.35122.118
MinimumVisualStudioVersion = 10.0.40219.1
Project("{FAE04EC0-301F-11D3-BF4B-00C04F79EFBC}") = "DotDesk.UserPanelBFF", "src\DotDesk.UserPanelBFF\DotDesk.UserPanelBFF.csproj", "{C742AE6A-1AD2-419C-A03F-F602629B8B91}"
EndProject
Project("{E53339B2-1760-4266-BCC7-CA923CBCF16C}") = "docker-compose", "docker-compose.dcproj", "{EF0A55D3-C905-454A-A266-1AFC94487DCC}"
EndProject
Global
	GlobalSection(SolutionConfigurationPlatforms) = preSolution
		Debug|Any CPU = Debug|Any CPU
		Release|Any CPU = Release|Any CPU
	EndGlobalSection
	GlobalSection(ProjectConfigurationPlatforms) = postSolution
		{C742AE6A-1AD2-419C-A03F-F602629B8B91}.Debug|Any CPU.ActiveCfg = Debug|Any CPU
		{C742AE6A-1AD2-419C-A03F-F602629B8B91}.Debug|Any CPU.Build.0 = Debug|Any CPU
		{C742AE6A-1AD2-419C-A03F-F602629B8B91}.Release|Any CPU.ActiveCfg = Release|Any CPU
		{C742AE6A-1AD2-419C-A03F-F602629B8B91}.Release|Any CPU.Build.0 = Release|Any CPU
		{EF0A55D3-C905-454A-A266-1AFC94487DCC}.Debug|Any CPU.ActiveCfg = Debug|Any CPU
		{EF0A55D3-C905-454A-A266-1AFC94487DCC}.Debug|Any CPU.Build.0 = Debug|Any CPU
		{EF0A55D3-C905-454A-A266-1AFC94487DCC}.Release|Any CPU.ActiveCfg = Release|Any CPU
		{EF0A55D3-C905-454A-A266-1AFC94487DCC}.Release|Any CPU.Build.0 = Release|Any CPU
	EndGlobalSection
	GlobalSection(SolutionProperties) = preSolution
		HideSolutionNode = FALSE
	EndGlobalSection
	GlobalSection(ExtensibilityGlobals) = postSolution
		SolutionGuid = {178CB241-796B-4BC7-A403-1570814D1CD2}
	EndGlobalSection
EndGlobal
